{
  "framework": {
    "digest": "28121a3be1a162e55e89ff19505bcbd3efdb4460e8eed39586181b31eba6e851",
    "source_kind": "development",
    "source_revision": null,
    "version": "0.1.0-dev"
  },
  "framework_inputs": {
    "framework/core/AGENTS.md": "8cd3e861dd910106f03fa50c7d9035d827e71bc46d3e0c314cc45d4db1f89927",
    "framework/core/agent-harness.md": "08a348d882482c45bb25d40307a5e734d34e96071937e234a1762644506bad74",
    "framework/profiles/openai-agent-guidance/AGENTS.md": "54a6f9771b46e66b486708d4036cbb0ca15b03ae1df4f59a1bcdde979844d9c7",
    "framework/profiles/openai-agent-guidance/agent-harness.md": "080fd340d32edc78d90ec090f80c47e0ade03712baef5e71b47d53c5ea8f230e",
    "framework/profiles/public-repository/AGENTS.md": "b07ac20c9e1611c7e98c5978ec385ca0560363c4b3f55f0a84399791aee7c917",
    "framework/profiles/public-repository/agent-harness.md": "4704a09b288b0afb5527c983f52b9ee28b4077c1876fb02c38b43b588b88afd9",
    "framework/profiles/vcs-jj/AGENTS.md": "f5a00bb916ebcc25449e77ea7741678c381ea74d861ff82af24810ccf0318c35",
    "framework/profiles/vcs-jj/agent-harness.md": "592f07d6bd361e45e689d79f05f3b94afd037ebfcf634df0e114f8c43888cb58",
    "framework/standalone/check.py": "241f2d454674f16f1f9bab6474dce1fa0703a75c32b7106e7d54e52ce771d8a5",
    "src/ai_first/__init__.py": "cc67ee471e2f875f585df5865c7df9448b6d1ec8a452842d864052c5ccf04721",
    "src/ai_first/__main__.py": "935a1c1166b0c1ea35a82256345000bf2c73ded718d77773bc27a71ecce28f7d",
    "src/ai_first/cli.py": "432cd5b48ddf64a23fcb567db84b509948b6d9049deb90002f34535ed6586f82",
    "src/ai_first/config.py": "5867926a30219b85a4c99a0c1cef9d0d2aae6723e88a91c143503a3d3a100b70",
    "src/ai_first/publication.py": "af2beb3e18671267cb8fb1908239f4073abe8bb86121b01a19f96005b5cc24b6",
    "src/ai_first/render.py": "dd32c05e1abe49338038a0cd555619f8596bbd77db0a07eba6030799d70d42fb"
  },
  "outputs": {
    ".ai-first/check.py": "241f2d454674f16f1f9bab6474dce1fa0703a75c32b7106e7d54e52ce771d8a5",
    "AGENTS.md": "61cdc51793ff0af1432bffcb6929cb5d44fd2e9b63484d594a64cbc230a25728",
    "docs/agent-harness.md": "78957e6c0a9e5b642b160d99dba60a7f5fd9b8c48b97d35c5ddd37878ea40c36"
  },
  "profiles": [
    "vcs-jj",
    "public-repository",
    "openai-agent-guidance"
  ],
  "repository_inputs": {
    ".ai-first.toml": "0be55eba17b84c716bf3d0b6f211e4c1d936515b5778bcd308dd8ca729a4abfd",
    ".ai-first/overlays/agents-first-read.md": "694333f7b760eeb475093796d474e1af637fbeb516ca5a2653f488efc1eb7c16",
    ".ai-first/overlays/agents-project.md": "9270cd8b144b9bb0453b2ed3b4181d0fe00744ca7841903e59b5d64cf82835f4",
    ".ai-first/overlays/harness-project.md": "83da53c278cd849892a36e106a4773ca115456c739c4f31d94b3ba60b3c3cef3"
  },
  "schema_version": 1
}
