{
  "framework": {
    "digest": "11fbdcebf260753e90a3b77db174952794ef816e9d07cf244d5a0b79e075384b",
    "source_commit": null,
    "source_kind": "development",
    "source_revision": null,
    "version": "1.8.0"
  },
  "framework_inputs": {
    "framework/core/AGENTS.md": "3a36a09d04ca892a3186d224a0e0b90e77e0a9b0425a328db5156e75a167a8e7",
    "framework/core/agent-harness.md": "d8ea651d8f22ab74b1db58bd215d257383bf1b277499fbd34700221d9fb92e6e",
    "framework/profiles/openai-agent-guidance/AGENTS.md": "843ff930cb3afcbc53030fdc257accb32a23ce3cd14726eb07b20a7732f12089",
    "framework/profiles/openai-agent-guidance/agent-harness.md": "3e21350b3c776a1c2df783c00c75820b4a2c298b8cd877bc38fd335ddd5dc605",
    "framework/profiles/public-repository/AGENTS.md": "b07ac20c9e1611c7e98c5978ec385ca0560363c4b3f55f0a84399791aee7c917",
    "framework/profiles/public-repository/agent-harness.md": "4704a09b288b0afb5527c983f52b9ee28b4077c1876fb02c38b43b588b88afd9",
    "framework/profiles/vcs-jj/AGENTS.md": "c64d67dc02ee495c547171572e205c605499ca65edaff94f8860dbcbf08740cc",
    "framework/profiles/vcs-jj/agent-harness.md": "f132dfad51892450ae93c18e468aea60a7a0b7ace36df325975ac976ae0a1cf3",
    "framework/profiles/verification/AGENTS.md": "d486fb664bf142fdc9fed02e93bc2e9baddf17efa899221d74cc45623e2084e9",
    "framework/profiles/verification/agent-harness.md": "c5bef32f7c89b8a503a74afc5c69aedf1190b780de5b87667d2291d564f90b73",
    "framework/skills/ai-first-verify/SKILL.md": "efe97070e6fb71497637c8ce0b969802e40a2fcc7f08bdb0a70fd3e9d137026f",
    "framework/skills/ai-first-verify/agents/openai.yaml": "e59e7699bf47a4431b24be5c237a27e61f548b4282db9085b09228befe98c76c",
    "framework/standalone/check.py": "b295ca0029a9000084849de35c11adbb4694927f14ec8e9b7f31824af76ab11c",
    "src/ai_first/__init__.py": "13f09c937e59705e7863fc27e42338a55a3432a35b1b75e5ccca1e471bf6d11a",
    "src/ai_first/__main__.py": "935a1c1166b0c1ea35a82256345000bf2c73ded718d77773bc27a71ecce28f7d",
    "src/ai_first/cli.py": "8ca4a197d802ef6c557a8bfad27994e6f4cdc089cc385e0d3ce2f793b94d762c",
    "src/ai_first/config.py": "429dd098fa823c64c0dc8cba48378efa8e6f1a7788fd3bdc34cf0e6da82f99aa",
    "src/ai_first/coordination.py": "dfb2817814a8449a7f0f405dd34e3884cb90fa9bcbca11ab833a96539460efce",
    "src/ai_first/publication.py": "af2beb3e18671267cb8fb1908239f4073abe8bb86121b01a19f96005b5cc24b6",
    "src/ai_first/render.py": "60f5273935c5435ab36cba971b850b457c139ed3fbb94e23b58000c3c8f9a871",
    "src/ai_first/verification.py": "3569bfb5b15b31e76e6257524ced916d36bd454bc0a054218ebba5d11078b8dc"
  },
  "outputs": {
    ".agents/skills/ai-first-verify/SKILL.md": "efe97070e6fb71497637c8ce0b969802e40a2fcc7f08bdb0a70fd3e9d137026f",
    ".agents/skills/ai-first-verify/agents/openai.yaml": "e59e7699bf47a4431b24be5c237a27e61f548b4282db9085b09228befe98c76c",
    ".ai-first/check.py": "b295ca0029a9000084849de35c11adbb4694927f14ec8e9b7f31824af76ab11c",
    ".ai-first/verify.py": "3569bfb5b15b31e76e6257524ced916d36bd454bc0a054218ebba5d11078b8dc",
    "AGENTS.md": "27a4b3790908a3a47e45521dfef6b0c2f3aeaff0ef3e9eb1ab5457ea845cb063",
    "docs/agent-harness.md": "a5a9b7d17b70a1b8244e25bb7a78d500933547e346923efffa6d6388ef2671d8"
  },
  "profiles": [
    "vcs-jj",
    "public-repository",
    "openai-agent-guidance",
    "verification"
  ],
  "repository_inputs": {
    ".ai-first.toml": "415fe4010c2f7b3c414819fac496ed53bf25e665b45e4269ebe1b41ea0c2a432",
    ".ai-first/overlays/agents-first-read.md": "ff55b73dae96c809136f0a801cd0f539dbf1f2db256fc5cf6837d9251e4c58cd",
    ".ai-first/overlays/agents-project.md": "ea970fde29667924fd18f6127cd45f46ef803c695754a4c635d1c196d0408df2",
    ".ai-first/overlays/harness-project.md": "1fb94a5b0687c34272f4c5b6f7c86e522ab721e28a1ee954d2db0ac45b41fca9",
    ".ai-first/verification.toml": "d0a617b9716a67fd414922da61b3db78fd6f5e14dac691d93a9473af4daf6c20"
  },
  "schema_version": 1
}
